
Microsoft Visual Studio Solution File, Format Version 12.00
# Visual Studio Version 16
VisualStudioVersion = 16.0.29318.209
MinimumVisualStudioVersion = 10.0.40219.1
Project("{FAE04EC0-301F-11D3-BF4B-00C04F79EFBC}") = "TravelPlanner.API", "TravelPlanner.API\TravelPlanner.API.csproj", "{7F00315F-B0C4-473A-8587-9F1A7610145B}"
EndProject
Project("{9A19103F-16F7-4668-BE54-9A1E7A4F7556}") = "TravelPlanner.Logic", "TravelPlanner.Logic\TravelPlanner.Logic.csproj", "{FB5A562D-9613-4756-9C6C-E80CD315FD54}"
EndProject
Global
	GlobalSection(SolutionConfigurationPlatforms) = preSolution
		Debug|Any CPU = Debug|Any CPU
		Release|Any CPU = Release|Any CPU
	EndGlobalSection
	GlobalSection(ProjectConfigurationPlatforms) = postSolution
		{7F00315F-B0C4-473A-8587-9F1A7610145B}.Debug|Any CPU.ActiveCfg = Debug|Any CPU
		{7F00315F-B0C4-473A-8587-9F1A7610145B}.Debug|Any CPU.Build.0 = Debug|Any CPU
		{7F00315F-B0C4-473A-8587-9F1A7610145B}.Release|Any CPU.ActiveCfg = Release|Any CPU
		{7F00315F-B0C4-473A-8587-9F1A7610145B}.Release|Any CPU.Build.0 = Release|Any CPU
		{FB5A562D-9613-4756-9C6C-E80CD315FD54}.Debug|Any CPU.ActiveCfg = Debug|Any CPU
		{FB5A562D-9613-4756-9C6C-E80CD315FD54}.Debug|Any CPU.Build.0 = Debug|Any CPU
		{FB5A562D-9613-4756-9C6C-E80CD315FD54}.Release|Any CPU.ActiveCfg = Release|Any CPU
		{FB5A562D-9613-4756-9C6C-E80CD315FD54}.Release|Any CPU.Build.0 = Release|Any CPU
	EndGlobalSection
	GlobalSection(SolutionProperties) = preSolution
		HideSolutionNode = FALSE
	EndGlobalSection
	GlobalSection(ExtensibilityGlobals) = postSolution
		SolutionGuid = {C4127E58-895A-462A-88B3-81E663ED7C5B}
	EndGlobalSection
EndGlobal
